<Solution>
  <Folder Name="/misc/">
    <File Path="Directory.Build.props" />
    <File Path="Directory.Packages.props" />
    <File Path="global.json" />
    <File Path="NuGet.config" />
  </Folder>
  <Folder Name="/src/">
    <Project Path="src/FigmaMCP/FigmaMCP.csproj" />
  </Folder>
  <Folder Name="/tests/">
    <Project Path="tests/FigmaMCP.Tests/FigmaMCP.Tests.csproj" />
  </Folder>
</Solution>
